// !$*UTF8*$!
{
	archiveVersion = 1;
	classes = {
	};
	objectVersion = 46;
	objects = {

/* Begin PBXBuildFile section */
		0527F3F69A374D71D640A385 /* Pods_spacegame.framework in Frameworks */ = {isa = PBXBuildFile; fileRef = FDC2DC083FA00779D9F7ED63 /* Pods_spacegame.framework */; };
		F12A84F41DA4017E009A8B24 /* game-music.wav in Resources */ = {isa = PBXBuildFile; fileRef = F12A84F31DA4017E009A8B24 /* game-music.wav */; };
		F12A84F61DA401B9009A8B24 /* explosion.mp3 in Resources */ = {isa = PBXBuildFile; fileRef = F12A84F51DA401B9009A8B24 /* explosion.mp3 */; };
		F16AB0AB1C50EAE600D5D7E6 /* MainMenuView.xib in Resources */ = {isa = PBXBuildFile; fileRef = F16AB0AA1C50EAE600D5D7E6 /* MainMenuView.xib */; };
		F16AB0AF1C50EF2300D5D7E6 /* MainMenuView.swift in Sources */ = {isa = PBXBuildFile; fileRef = F16AB0AE1C50EF2300D5D7E6 /* MainMenuView.swift */; };
		F16AB0B11C50F41500D5D7E6 /* GetReadyView.swift in Sources */ = {isa = PBXBuildFile; fileRef = F16AB0B01C50F41500D5D7E6 /* GetReadyView.swift */; };
		F16AB0B31C50F42400D5D7E6 /* GetReadyView.xib in Resources */ = {isa = PBXBuildFile; fileRef = F16AB0B21C50F42400D5D7E6 /* GetReadyView.xib */; };
		F16AB0B71C50F8A100D5D7E6 /* Kosmik-BoldOne.otf in Resources */ = {isa = PBXBuildFile; fileRef = F16AB0B51C50F8A100D5D7E6 /* Kosmik-BoldOne.otf */; };
		F16F3FC31D82B7F900F275D5 /* Spy Agency Academy.ttf in Resources */ = {isa = PBXBuildFile; fileRef = F16F3FC21D82B7F900F275D5 /* Spy Agency Academy.ttf */; };
		F18756B11CA5DEC0005EB36A /* Spy Agency.ttf in Resources */ = {isa = PBXBuildFile; fileRef = F18756B01CA5DEC0005EB36A /* Spy Agency.ttf */; };
		F196E6301D8BE6C90023DE97 /* explosion.aif in Resources */ = {isa = PBXBuildFile; fileRef = F196E62B1D8BE6C90023DE97 /* explosion.aif */; };
		F196E6321D8BE6C90023DE97 /* game-over.wav in Resources */ = {isa = PBXBuildFile; fileRef = F196E62D1D8BE6C90023DE97 /* game-over.wav */; };
		F196E6331D8BE6C90023DE97 /* menu-music.wav in Resources */ = {isa = PBXBuildFile; fileRef = F196E62E1D8BE6C90023DE97 /* menu-music.wav */; };
		F196E6341D8BE6C90023DE97 /* swoosh.wav in Resources */ = {isa = PBXBuildFile; fileRef = F196E62F1D8BE6C90023DE97 /* swoosh.wav */; };
		F196E63A1D8BF1A30023DE97 /* MusicPlayer.swift in Sources */ = {isa = PBXBuildFile; fileRef = F196E6391D8BF1A30023DE97 /* MusicPlayer.swift */; };
		F1D3F64A1D81701A0048B50A /* ExplosionParticle.sks in Resources */ = {isa = PBXBuildFile; fileRef = F1D3F6481D81701A0048B50A /* ExplosionParticle.sks */; };
		F1D3F64B1D81701A0048B50A /* spark.png in Resources */ = {isa = PBXBuildFile; fileRef = F1D3F6491D81701A0048B50A /* spark.png */; };
		F1D3F6571D817B430048B50A /* GasParticle.sks in Resources */ = {isa = PBXBuildFile; fileRef = F1D3F6561D817B430048B50A /* GasParticle.sks */; };
		F1D3F6591D8194D10048B50A /* StarfieldNode.swift in Sources */ = {isa = PBXBuildFile; fileRef = F1D3F6581D8194D10048B50A /* StarfieldNode.swift */; };
		F1E0C8941C4D3852003C0EBE /* AppDelegate.swift in Sources */ = {isa = PBXBuildFile; fileRef = F1E0C8931C4D3852003C0EBE /* AppDelegate.swift */; };
		F1E0C8981C4D3852003C0EBE /* GameScene.swift in Sources */ = {isa = PBXBuildFile; fileRef = F1E0C8971C4D3852003C0EBE /* GameScene.swift */; };
		F1E0C89A1C4D3852003C0EBE /* GameViewController.swift in Sources */ = {isa = PBXBuildFile; fileRef = F1E0C8991C4D3852003C0EBE /* GameViewController.swift */; };
		F1E0C89D1C4D3852003C0EBE /* Main.storyboard in Resources */ = {isa = PBXBuildFile; fileRef = F1E0C89B1C4D3852003C0EBE /* Main.storyboard */; };
		F1E0C89F1C4D3852003C0EBE /* Assets.xcassets in Resources */ = {isa = PBXBuildFile; fileRef = F1E0C89E1C4D3852003C0EBE /* Assets.xcassets */; };
		F1E0C8A21C4D3852003C0EBE /* LaunchScreen.storyboard in Resources */ = {isa = PBXBuildFile; fileRef = F1E0C8A01C4D3852003C0EBE /* LaunchScreen.storyboard */; };
		F1F7463F1CA5633E00868A78 /* GameOverView.xib in Resources */ = {isa = PBXBuildFile; fileRef = F1F7463E1CA5633E00868A78 /* GameOverView.xib */; };
		F1F746411CA5648400868A78 /* GameOverView.swift in Sources */ = {isa = PBXBuildFile; fileRef = F1F746401CA5648400868A78 /* GameOverView.swift */; };
		F1F746441CA57AAD00868A78 /* Constants.swift in Sources */ = {isa = PBXBuildFile; fileRef = F1F746431CA57AAD00868A78 /* Constants.swift */; };
		F1F746461CA57BFF00868A78 /* Util.swift in Sources */ = {isa = PBXBuildFile; fileRef = F1F746451CA57BFF00868A78 /* Util.swift */; };
		F1F746491CA57CE600868A78 /* SpaceShipNode.swift in Sources */ = {isa = PBXBuildFile; fileRef = F1F746481CA57CE600868A78 /* SpaceShipNode.swift */; };
		F1F7464B1CA5878C00868A78 /* UIView+Animation.swift in Sources */ = {isa = PBXBuildFile; fileRef = F1F7464A1CA5878C00868A78 /* UIView+Animation.swift */; };
		F1F7464D1CA5C1AC00868A78 /* GasNode.swift in Sources */ = {isa = PBXBuildFile; fileRef = F1F7464C1CA5C1AC00868A78 /* GasNode.swift */; };
/* End PBXBuildFile section */

/* Begin PBXFileReference section */
		131E533027AEC1AA73895795 /* Pods-spacegame.release.xcconfig */ = {isa = PBXFileReference; includeInIndex = 1; lastKnownFileType = text.xcconfig; name = "Pods-spacegame.release.xcconfig"; path = "Pods/Target Support Files/Pods-spacegame/Pods-spacegame.release.xcconfig"; sourceTree = "<group>"; };
		52AD69CC8676D2BAFA5ECAD5 /* Pods-spacegame.debug.xcconfig */ = {isa = PBXFileReference; includeInIndex = 1; lastKnownFileType = text.xcconfig; name = "Pods-spacegame.debug.xcconfig"; path = "Pods/Target Support Files/Pods-spacegame/Pods-spacegame.debug.xcconfig"; sourceTree = "<group>"; };
		F12A84F31DA4017E009A8B24 /* game-music.wav */ = {isa = PBXFileReference; lastKnownFileType = audio.wav; path = "game-music.wav"; sourceTree = "<group>"; };
		F12A84F51DA401B9009A8B24 /* explosion.mp3 */ = {isa = PBXFileReference; lastKnownFileType = audio.mp3; path = explosion.mp3; sourceTree = "<group>"; };
		F16AB0AA1C50EAE600D5D7E6 /* MainMenuView.xib */ = {isa = PBXFileReference; fileEncoding = 4; lastKnownFileType = file.xib; path = MainMenuView.xib; sourceTree = "<group>"; };
		F16AB0AE1C50EF2300D5D7E6 /* MainMenuView.swift */ = {isa = PBXFileReference; fileEncoding = 4; lastKnownFileType = sourcecode.swift; path = MainMenuView.swift; sourceTree = "<group>"; };
		F16AB0B01C50F41500D5D7E6 /* GetReadyView.swift */ = {isa = PBXFileReference; fileEncoding = 4; lastKnownFileType = sourcecode.swift; path = GetReadyView.swift; sourceTree = "<group>"; };
		F16AB0B21C50F42400D5D7E6 /* GetReadyView.xib */ = {isa = PBXFileReference; fileEncoding = 4; lastKnownFileType = file.xib; path = GetReadyView.xib; sourceTree = "<group>"; };
		F16AB0B51C50F8A100D5D7E6 /* Kosmik-BoldOne.otf */ = {isa = PBXFileReference; lastKnownFileType = file; path = "Kosmik-BoldOne.otf"; sourceTree = "<group>"; };
		F16F3FC21D82B7F900F275D5 /* Spy Agency Academy.ttf */ = {isa = PBXFileReference; lastKnownFileType = file; path = "Spy Agency Academy.ttf"; sourceTree = "<group>"; };
		F18756B01CA5DEC0005EB36A /* Spy Agency.ttf */ = {isa = PBXFileReference; lastKnownFileType = file; path = "Spy Agency.ttf"; sourceTree = "<group>"; };
		F196E62B1D8BE6C90023DE97 /* explosion.aif */ = {isa = PBXFileReference; lastKnownFileType = file; path = explosion.aif; sourceTree = "<group>"; };
		F196E62D1D8BE6C90023DE97 /* game-over.wav */ = {isa = PBXFileReference; lastKnownFileType = audio.wav; path = "game-over.wav"; sourceTree = "<group>"; };
		F196E62E1D8BE6C90023DE97 /* menu-music.wav */ = {isa = PBXFileReference; lastKnownFileType = audio.wav; path = "menu-music.wav"; sourceTree = "<group>"; };
		F196E62F1D8BE6C90023DE97 /* swoosh.wav */ = {isa = PBXFileReference; lastKnownFileType = audio.wav; path = swoosh.wav; sourceTree = "<group>"; };
		F196E6391D8BF1A30023DE97 /* MusicPlayer.swift */ = {isa = PBXFileReference; fileEncoding = 4; lastKnownFileType = sourcecode.swift; path = MusicPlayer.swift; sourceTree = "<group>"; };
		F1D3F6481D81701A0048B50A /* ExplosionParticle.sks */ = {isa = PBXFileReference; lastKnownFileType = file.sks; path = ExplosionParticle.sks; sourceTree = "<group>"; };
		F1D3F6491D81701A0048B50A /* spark.png */ = {isa = PBXFileReference; lastKnownFileType = image.png; path = spark.png; sourceTree = "<group>"; };
		F1D3F6561D817B430048B50A /* GasParticle.sks */ = {isa = PBXFileReference; lastKnownFileType = file.sks; path = GasParticle.sks; sourceTree = "<group>"; };
		F1D3F6581D8194D10048B50A /* StarfieldNode.swift */ = {isa = PBXFileReference; fileEncoding = 4; lastKnownFileType = sourcecode.swift; path = StarfieldNode.swift; sourceTree = "<group>"; };
		F1E0C8901C4D3852003C0EBE /* spacegame.app */ = {isa = PBXFileReference; explicitFileType = wrapper.application; includeInIndex = 0; path = spacegame.app; sourceTree = BUILT_PRODUCTS_DIR; };
		F1E0C8931C4D3852003C0EBE /* AppDelegate.swift */ = {isa = PBXFileReference; lastKnownFileType = sourcecode.swift; path = AppDelegate.swift; sourceTree = "<group>"; };
		F1E0C8971C4D3852003C0EBE /* GameScene.swift */ = {isa = PBXFileReference; lastKnownFileType = sourcecode.swift; path = GameScene.swift; sourceTree = "<group>"; };
		F1E0C8991C4D3852003C0EBE /* GameViewController.swift */ = {isa = PBXFileReference; lastKnownFileType = sourcecode.swift; path = GameViewController.swift; sourceTree = "<group>"; };
		F1E0C89C1C4D3852003C0EBE /* Base */ = {isa = PBXFileReference; lastKnownFileType = file.storyboard; name = Base; path = Base.lproj/Main.storyboard; sourceTree = "<group>"; };
		F1E0C89E1C4D3852003C0EBE /* Assets.xcassets */ = {isa = PBXFileReference; lastKnownFileType = folder.assetcatalog; path = Assets.xcassets; sourceTree = "<group>"; };
		F1E0C8A11C4D3852003C0EBE /* Base */ = {isa = PBXFileReference; lastKnownFileType = file.storyboard; name = Base; path = Base.lproj/LaunchScreen.storyboard; sourceTree = "<group>"; };
		F1E0C8A31C4D3852003C0EBE /* Info.plist */ = {isa = PBXFileReference; lastKnownFileType = text.plist.xml; path = Info.plist; sourceTree = "<group>"; };
		F1F7463E1CA5633E00868A78 /* GameOverView.xib */ = {isa = PBXFileReference; fileEncoding = 4; lastKnownFileType = file.xib; path = GameOverView.xib; sourceTree = "<group>"; };
		F1F746401CA5648400868A78 /* GameOverView.swift */ = {isa = PBXFileReference; fileEncoding = 4; lastKnownFileType = sourcecode.swift; path = GameOverView.swift; sourceTree = "<group>"; };
		F1F746431CA57AAD00868A78 /* Constants.swift */ = {isa = PBXFileReference; fileEncoding = 4; lastKnownFileType = sourcecode.swift; path = Constants.swift; sourceTree = "<group>"; };
		F1F746451CA57BFF00868A78 /* Util.swift */ = {isa = PBXFileReference; fileEncoding = 4; lastKnownFileType = sourcecode.swift; path = Util.swift; sourceTree = "<group>"; };
		F1F746481CA57CE600868A78 /* SpaceShipNode.swift */ = {isa = PBXFileReference; fileEncoding = 4; lastKnownFileType = sourcecode.swift; path = SpaceShipNode.swift; sourceTree = "<group>"; };
		F1F7464A1CA5878C00868A78 /* UIView+Animation.swift */ = {isa = PBXFileReference; fileEncoding = 4; lastKnownFileType = sourcecode.swift; path = "UIView+Animation.swift"; sourceTree = "<group>"; };
		F1F7464C1CA5C1AC00868A78 /* GasNode.swift */ = {isa = PBXFileReference; fileEncoding = 4; lastKnownFileType = sourcecode.swift; path = GasNode.swift; sourceTree = "<group>"; };
		FDC2DC083FA00779D9F7ED63 /* Pods_spacegame.framework */ = {isa = PBXFileReference; explicitFileType = wrapper.framework; includeInIndex = 0; path = Pods_spacegame.framework; sourceTree = BUILT_PRODUCTS_DIR; };
/* End PBXFileReference section */

/* Begin PBXFrameworksBuildPhase section */
		F1E0C88D1C4D3852003C0EBE /* Frameworks */ = {
			isa = PBXFrameworksBuildPhase;
			buildActionMask = 2147483647;
			files = (
				0527F3F69A374D71D640A385 /* Pods_spacegame.framework in Frameworks */,
			);
			runOnlyForDeploymentPostprocessing = 0;
		};
/* End PBXFrameworksBuildPhase section */

/* Begin PBXGroup section */
		C1D8776E256634CEBF88FC06 /* Pods */ = {
			isa = PBXGroup;
			children = (
				52AD69CC8676D2BAFA5ECAD5 /* Pods-spacegame.debug.xcconfig */,
				131E533027AEC1AA73895795 /* Pods-spacegame.release.xcconfig */,
			);
			name = Pods;
			sourceTree = "<group>";
		};
		F196E62A1D8BE6B60023DE97 /* Sounds */ = {
			isa = PBXGroup;
			children = (
				F12A84F51DA401B9009A8B24 /* explosion.mp3 */,
				F196E62B1D8BE6C90023DE97 /* explosion.aif */,
				F12A84F31DA4017E009A8B24 /* game-music.wav */,
				F196E62D1D8BE6C90023DE97 /* game-over.wav */,
				F196E62E1D8BE6C90023DE97 /* menu-music.wav */,
				F196E62F1D8BE6C90023DE97 /* swoosh.wav */,
			);
			name = Sounds;
			sourceTree = "<group>";
		};
		F196E63B1D8BFB090023DE97 /* Utilities */ = {
			isa = PBXGroup;
			children = (
				F1F746451CA57BFF00868A78 /* Util.swift */,
				F1F746431CA57AAD00868A78 /* Constants.swift */,
				F196E6391D8BF1A30023DE97 /* MusicPlayer.swift */,
			);
			name = Utilities;
			sourceTree = "<group>";
		};
		F1D3F6501D8179C30048B50A /* Particles */ = {
			isa = PBXGroup;
			children = (
				F1D3F6481D81701A0048B50A /* ExplosionParticle.sks */,
				F1D3F6561D817B430048B50A /* GasParticle.sks */,
			);
			name = Particles;
			sourceTree = "<group>";
		};
		F1D3F6511D8179DC0048B50A /* Fonts */ = {
			isa = PBXGroup;
			children = (
				F18756B01CA5DEC0005EB36A /* Spy Agency.ttf */,
				F16F3FC21D82B7F900F275D5 /* Spy Agency Academy.ttf */,
				F16AB0B51C50F8A100D5D7E6 /* Kosmik-BoldOne.otf */,
			);
			name = Fonts;
			sourceTree = "<group>";
		};
		F1E0C8871C4D3851003C0EBE = {
			isa = PBXGroup;
			children = (
				F1E0C8921C4D3852003C0EBE /* spacegame */,
				F1E0C8911C4D3852003C0EBE /* Products */,
				C1D8776E256634CEBF88FC06 /* Pods */,
				FEF9CDA96FF81ABFBC29E5D3 /* Frameworks */,
			);
			sourceTree = "<group>";
		};
		F1E0C8911C4D3852003C0EBE /* Products */ = {
			isa = PBXGroup;
			children = (
				F1E0C8901C4D3852003C0EBE /* spacegame.app */,
			);
			name = Products;
			sourceTree = "<group>";
		};
		F1E0C8921C4D3852003C0EBE /* spacegame */ = {
			isa = PBXGroup;
			children = (
				F1E0C8931C4D3852003C0EBE /* AppDelegate.swift */,
				F1E0C8971C4D3852003C0EBE /* GameScene.swift */,
				F1E0C8991C4D3852003C0EBE /* GameViewController.swift */,
				F16AB0AE1C50EF2300D5D7E6 /* MainMenuView.swift */,
				F16AB0AA1C50EAE600D5D7E6 /* MainMenuView.xib */,
				F16AB0B01C50F41500D5D7E6 /* GetReadyView.swift */,
				F16AB0B21C50F42400D5D7E6 /* GetReadyView.xib */,
				F1F746401CA5648400868A78 /* GameOverView.swift */,
				F1F7463E1CA5633E00868A78 /* GameOverView.xib */,
				F196E63B1D8BFB090023DE97 /* Utilities */,
				F196E62A1D8BE6B60023DE97 /* Sounds */,
				F1D3F6501D8179C30048B50A /* Particles */,
				F1F746471CA57CBE00868A78 /* Nodes */,
				F1D3F6511D8179DC0048B50A /* Fonts */,
				F1E0C89B1C4D3852003C0EBE /* Main.storyboard */,
				F1E0C89E1C4D3852003C0EBE /* Assets.xcassets */,
				F1E0C8A01C4D3852003C0EBE /* LaunchScreen.storyboard */,
				F1E0C8A31C4D3852003C0EBE /* Info.plist */,
				F1F7464A1CA5878C00868A78 /* UIView+Animation.swift */,
				F1D3F6491D81701A0048B50A /* spark.png */,
			);
			path = spacegame;
			sourceTree = "<group>";
		};
		F1F746471CA57CBE00868A78 /* Nodes */ = {
			isa = PBXGroup;
			children = (
				F1F746481CA57CE600868A78 /* SpaceShipNode.swift */,
				F1F7464C1CA5C1AC00868A78 /* GasNode.swift */,
				F1D3F6581D8194D10048B50A /* StarfieldNode.swift */,
			);
			name = Nodes;
			sourceTree = "<group>";
		};
		FEF9CDA96FF81ABFBC29E5D3 /* Frameworks */ = {
			isa = PBXGroup;
			children = (
				FDC2DC083FA00779D9F7ED63 /* Pods_spacegame.framework */,
			);
			name = Frameworks;
			sourceTree = "<group>";
		};
/* End PBXGroup section */

/* Begin PBXNativeTarget section */
		F1E0C88F1C4D3852003C0EBE /* spacegame */ = {
			isa = PBXNativeTarget;
			buildConfigurationList = F1E0C8A61C4D3852003C0EBE /* Build configuration list for PBXNativeTarget "spacegame" */;
			buildPhases = (
				92A2C8806ACAB5AF838CA397 /* Check Pods Manifest.lock */,
				F1E0C88C1C4D3852003C0EBE /* Sources */,
				F1E0C88D1C4D3852003C0EBE /* Frameworks */,
				F1E0C88E1C4D3852003C0EBE /* Resources */,
				F16AB0A51C4F02A500D5D7E6 /* ShellScript */,
				D9ECF621887E4BEAFF5F1531 /* Embed Pods Frameworks */,
				C3AD6669B9786AC158A43DC6 /* Copy Pods Resources */,
			);
			buildRules = (
			);
			dependencies = (
			);
			name = spacegame;
			productName = spacegame;
			productReference = F1E0C8901C4D3852003C0EBE /* spacegame.app */;
			productType = "com.apple.product-type.application";
		};
/* End PBXNativeTarget section */

/* Begin PBXProject section */
		F1E0C8881C4D3851003C0EBE /* Project object */ = {
			isa = PBXProject;
			attributes = {
				LastSwiftUpdateCheck = 0720;
				LastUpgradeCheck = 0800;
				ORGANIZATIONNAME = "Tomer Ciucran";
				TargetAttributes = {
					F1E0C88F1C4D3852003C0EBE = {
						CreatedOnToolsVersion = 7.2;
						DevelopmentTeam = 86C84G32BE;
						LastSwiftMigration = 0800;
					};
				};
			};
			buildConfigurationList = F1E0C88B1C4D3851003C0EBE /* Build configuration list for PBXProject "spacegame" */;
			compatibilityVersion = "Xcode 3.2";
			developmentRegion = English;
			hasScannedForEncodings = 0;
			knownRegions = (
				en,
				Base,
			);
			mainGroup = F1E0C8871C4D3851003C0EBE;
			productRefGroup = F1E0C8911C4D3852003C0EBE /* Products */;
			projectDirPath = "";
			projectRoot = "";
			targets = (
				F1E0C88F1C4D3852003C0EBE /* spacegame */,
			);
		};
/* End PBXProject section */

/* Begin PBXResourcesBuildPhase section */
		F1E0C88E1C4D3852003C0EBE /* Resources */ = {
			isa = PBXResourcesBuildPhase;
			buildActionMask = 2147483647;
			files = (
				F1F7463F1CA5633E00868A78 /* GameOverView.xib in Resources */,
				F16AB0B31C50F42400D5D7E6 /* GetReadyView.xib in Resources */,
				F196E6341D8BE6C90023DE97 /* swoosh.wav in Resources */,
				F1E0C8A21C4D3852003C0EBE /* LaunchScreen.storyboard in Resources */,
				F1E0C89F1C4D3852003C0EBE /* Assets.xcassets in Resources */,
				F16AB0B71C50F8A100D5D7E6 /* Kosmik-BoldOne.otf in Resources */,
				F16F3FC31D82B7F900F275D5 /* Spy Agency Academy.ttf in Resources */,
				F196E6321D8BE6C90023DE97 /* game-over.wav in Resources */,
				F12A84F41DA4017E009A8B24 /* game-music.wav in Resources */,
				F1D3F64B1D81701A0048B50A /* spark.png in Resources */,
				F18756B11CA5DEC0005EB36A /* Spy Agency.ttf in Resources */,
				F196E6301D8BE6C90023DE97 /* explosion.aif in Resources */,
				F12A84F61DA401B9009A8B24 /* explosion.mp3 in Resources */,
				F16AB0AB1C50EAE600D5D7E6 /* MainMenuView.xib in Resources */,
				F1D3F6571D817B430048B50A /* GasParticle.sks in Resources */,
				F196E6331D8BE6C90023DE97 /* menu-music.wav in Resources */,
				F1E0C89D1C4D3852003C0EBE /* Main.storyboard in Resources */,
				F1D3F64A1D81701A0048B50A /* ExplosionParticle.sks in Resources */,
			);
			runOnlyForDeploymentPostprocessing = 0;
		};
/* End PBXResourcesBuildPhase section */

/* Begin PBXShellScriptBuildPhase section */
		92A2C8806ACAB5AF838CA397 /* Check Pods Manifest.lock */ = {
			isa = PBXShellScriptBuildPhase;
			buildActionMask = 2147483647;
			files = (
			);
			inputPaths = (
			);
			name = "Check Pods Manifest.lock";
			outputPaths = (
			);
			runOnlyForDeploymentPostprocessing = 0;
			shellPath = /bin/sh;
			shellScript = "diff \"${PODS_ROOT}/../Podfile.lock\" \"${PODS_ROOT}/Manifest.lock\" > /dev/null\nif [[ $? != 0 ]] ; then\n    cat << EOM\nerror: The sandbox is not in sync with the Podfile.lock. Run 'pod install' or update your CocoaPods installation.\nEOM\n    exit 1\nfi\n";
			showEnvVarsInLog = 0;
		};
		C3AD6669B9786AC158A43DC6 /* Copy Pods Resources */ = {
			isa = PBXShellScriptBuildPhase;
			buildActionMask = 2147483647;
			files = (
			);
			inputPaths = (
			);
			name = "Copy Pods Resources";
			outputPaths = (
			);
			runOnlyForDeploymentPostprocessing = 0;
			shellPath = /bin/sh;
			shellScript = "\"${SRCROOT}/Pods/Target Support Files/Pods-spacegame/Pods-spacegame-resources.sh\"\n";
			showEnvVarsInLog = 0;
		};
		D9ECF621887E4BEAFF5F1531 /* Embed Pods Frameworks */ = {
			isa = PBXShellScriptBuildPhase;
			buildActionMask = 2147483647;
			files = (
			);
			inputPaths = (
			);
			name = "Embed Pods Frameworks";
			outputPaths = (
			);
			runOnlyForDeploymentPostprocessing = 0;
			shellPath = /bin/sh;
			shellScript = "\"${SRCROOT}/Pods/Target Support Files/Pods-spacegame/Pods-spacegame-frameworks.sh\"\n";
			showEnvVarsInLog = 0;
		};
		F16AB0A51C4F02A500D5D7E6 /* ShellScript */ = {
			isa = PBXShellScriptBuildPhase;
			buildActionMask = 2147483647;
			files = (
			);
			inputPaths = (
			);
			outputPaths = (
			);
			runOnlyForDeploymentPostprocessing = 0;
			shellPath = /bin/sh;
			shellScript = "\"${PODS_ROOT}/Fabric/run\" 411cf049223ce242aa15ff35e4c52bfbe8ab699d 2648124a2b2eef7a2a1835722b7b9d24326c13e58935a16e3a427039614e3e35";
		};
/* End PBXShellScriptBuildPhase section */

/* Begin PBXSourcesBuildPhase section */
		F1E0C88C1C4D3852003C0EBE /* Sources */ = {
			isa = PBXSourcesBuildPhase;
			buildActionMask = 2147483647;
			files = (
				F1F746411CA5648400868A78 /* GameOverView.swift in Sources */,
				F16AB0AF1C50EF2300D5D7E6 /* MainMenuView.swift in Sources */,
				F16AB0B11C50F41500D5D7E6 /* GetReadyView.swift in Sources */,
				F1F746461CA57BFF00868A78 /* Util.swift in Sources */,
				F196E63A1D8BF1A30023DE97 /* MusicPlayer.swift in Sources */,
				F1E0C8981C4D3852003C0EBE /* GameScene.swift in Sources */,
				F1F746441CA57AAD00868A78 /* Constants.swift in Sources */,
				F1E0C89A1C4D3852003C0EBE /* GameViewController.swift in Sources */,
				F1F7464B1CA5878C00868A78 /* UIView+Animation.swift in Sources */,
				F1E0C8941C4D3852003C0EBE /* AppDelegate.swift in Sources */,
				F1F7464D1CA5C1AC00868A78 /* GasNode.swift in Sources */,
				F1D3F6591D8194D10048B50A /* StarfieldNode.swift in Sources */,
				F1F746491CA57CE600868A78 /* SpaceShipNode.swift in Sources */,
			);
			runOnlyForDeploymentPostprocessing = 0;
		};
/* End PBXSourcesBuildPhase section */

/* Begin PBXVariantGroup section */
		F1E0C89B1C4D3852003C0EBE /* Main.storyboard */ = {
			isa = PBXVariantGroup;
			children = (
				F1E0C89C1C4D3852003C0EBE /* Base */,
			);
			name = Main.storyboard;
			sourceTree = "<group>";
		};
		F1E0C8A01C4D3852003C0EBE /* LaunchScreen.storyboard */ = {
			isa = PBXVariantGroup;
			children = (
				F1E0C8A11C4D3852003C0EBE /* Base */,
			);
			name = LaunchScreen.storyboard;
			sourceTree = "<group>";
		};
/* End PBXVariantGroup section */

/* Begin XCBuildConfiguration section */
		F1E0C8A41C4D3852003C0EBE /* Debug */ = {
			isa = XCBuildConfiguration;
			buildSettings = {
				ALWAYS_SEARCH_USER_PATHS = NO;
				CLANG_CXX_LANGUAGE_STANDARD = "gnu++0x";
				CLANG_CXX_LIBRARY = "libc++";
				CLANG_ENABLE_MODULES = YES;
				CLANG_ENABLE_OBJC_ARC = YES;
				CLANG_WARN_BOOL_CONVERSION = YES;
				CLANG_WARN_CONSTANT_CONVERSION = YES;
				CLANG_WARN_DIRECT_OBJC_ISA_USAGE = YES_ERROR;
				CLANG_WARN_EMPTY_BODY = YES;
				CLANG_WARN_ENUM_CONVERSION = YES;
				CLANG_WARN_INFINITE_RECURSION = YES;
				CLANG_WARN_INT_CONVERSION = YES;
				CLANG_WARN_OBJC_ROOT_CLASS = YES_ERROR;
				CLANG_WARN_SUSPICIOUS_MOVE = YES;
				CLANG_WARN_UNREACHABLE_CODE = YES;
				CLANG_WARN__DUPLICATE_METHOD_MATCH = YES;
				"CODE_SIGN_IDENTITY[sdk=iphoneos*]" = "iPhone Developer";
				COPY_PHASE_STRIP = NO;
				DEBUG_INFORMATION_FORMAT = "dwarf-with-dsym";
				ENABLE_STRICT_OBJC_MSGSEND = YES;
				ENABLE_TESTABILITY = YES;
				GCC_C_LANGUAGE_STANDARD = gnu99;
				GCC_DYNAMIC_NO_PIC = NO;
				GCC_NO_COMMON_BLOCKS = YES;
				GCC_OPTIMIZATION_LEVEL = 0;
				GCC_PREPROCESSOR_DEFINITIONS = (
					"DEBUG=1",
					"$(inherited)",
				);
				GCC_WARN_64_TO_32_BIT_CONVERSION = YES;
				GCC_WARN_ABOUT_RETURN_TYPE = YES_ERROR;
				GCC_WARN_UNDECLARED_SELECTOR = YES;
				GCC_WARN_UNINITIALIZED_AUTOS = YES_AGGRESSIVE;
				GCC_WARN_UNUSED_FUNCTION = YES;
				GCC_WARN_UNUSED_VARIABLE = YES;
				IPHONEOS_DEPLOYMENT_TARGET = 9.2;
				MTL_ENABLE_DEBUG_INFO = YES;
				ONLY_ACTIVE_ARCH = YES;
				SDKROOT = iphoneos;
				SWIFT_OPTIMIZATION_LEVEL = "-Onone";
			};
			name = Debug;
		};
		F1E0C8A51C4D3852003C0EBE /* Release */ = {
			isa = XCBuildConfiguration;
			buildSettings = {
				ALWAYS_SEARCH_USER_PATHS = NO;
				CLANG_CXX_LANGUAGE_STANDARD = "gnu++0x";
				CLANG_CXX_LIBRARY = "libc++";
				CLANG_ENABLE_MODULES = YES;
				CLANG_ENABLE_OBJC_ARC = YES;
				CLANG_WARN_BOOL_CONVERSION = YES;
				CLANG_WARN_CONSTANT_CONVERSION = YES;
				CLANG_WARN_DIRECT_OBJC_ISA_USAGE = YES_ERROR;
				CLANG_WARN_EMPTY_BODY = YES;
				CLANG_WARN_ENUM_CONVERSION = YES;
				CLANG_WARN_INFINITE_RECURSION = YES;
				CLANG_WARN_INT_CONVERSION = YES;
				CLANG_WARN_OBJC_ROOT_CLASS = YES_ERROR;
				CLANG_WARN_SUSPICIOUS_MOVE = YES;
				CLANG_WARN_UNREACHABLE_CODE = YES;
				CLANG_WARN__DUPLICATE_METHOD_MATCH = YES;
				"CODE_SIGN_IDENTITY[sdk=iphoneos*]" = "iPhone Developer";
				COPY_PHASE_STRIP = NO;
				DEBUG_INFORMATION_FORMAT = "dwarf-with-dsym";
				ENABLE_NS_ASSERTIONS = NO;
				ENABLE_STRICT_OBJC_MSGSEND = YES;
				GCC_C_LANGUAGE_STANDARD = gnu99;
				GCC_NO_COMMON_BLOCKS = YES;
				GCC_WARN_64_TO_32_BIT_CONVERSION = YES;
				GCC_WARN_ABOUT_RETURN_TYPE = YES_ERROR;
				GCC_WARN_UNDECLARED_SELECTOR = YES;
				GCC_WARN_UNINITIALIZED_AUTOS = YES_AGGRESSIVE;
				GCC_WARN_UNUSED_FUNCTION = YES;
				GCC_WARN_UNUSED_VARIABLE = YES;
				IPHONEOS_DEPLOYMENT_TARGET = 9.2;
				MTL_ENABLE_DEBUG_INFO = NO;
				SDKROOT = iphoneos;
				SWIFT_OPTIMIZATION_LEVEL = "-Owholemodule";
				VALIDATE_PRODUCT = YES;
			};
			name = Release;
		};
		F1E0C8A71C4D3852003C0EBE /* Debug */ = {
			isa = XCBuildConfiguration;
			baseConfigurationReference = 52AD69CC8676D2BAFA5ECAD5 /* Pods-spacegame.debug.xcconfig */;
			buildSettings = {
				ASSETCATALOG_COMPILER_APPICON_NAME = AppIcon;
				CODE_SIGN_IDENTITY = "iPhone Developer";
				"CODE_SIGN_IDENTITY[sdk=iphoneos*]" = "iPhone Developer";
				FRAMEWORK_SEARCH_PATHS = (
					"$(inherited)",
					"$(PROJECT_DIR)",
				);
				INFOPLIST_FILE = spacegame/Info.plist;
				LD_RUNPATH_SEARCH_PATHS = "$(inherited) @executable_path/Frameworks";
				PRODUCT_BUNDLE_IDENTIFIER = com.tomerciucran.spacegame;
				PRODUCT_NAME = "$(TARGET_NAME)";
				PROVISIONING_PROFILE = "";
				SWIFT_VERSION = 3.0;
			};
			name = Debug;
		};
		F1E0C8A81C4D3852003C0EBE /* Release */ = {
			isa = XCBuildConfiguration;
			baseConfigurationReference = 131E533027AEC1AA73895795 /* Pods-spacegame.release.xcconfig */;
			buildSettings = {
				ASSETCATALOG_COMPILER_APPICON_NAME = AppIcon;
				CODE_SIGN_IDENTITY = "iPhone Developer";
				"CODE_SIGN_IDENTITY[sdk=iphoneos*]" = "iPhone Developer";
				FRAMEWORK_SEARCH_PATHS = (
					"$(inherited)",
					"$(PROJECT_DIR)",
				);
				INFOPLIST_FILE = spacegame/Info.plist;
				LD_RUNPATH_SEARCH_PATHS = "$(inherited) @executable_path/Frameworks";
				PRODUCT_BUNDLE_IDENTIFIER = com.tomerciucran.spacegame;
				PRODUCT_NAME = "$(TARGET_NAME)";
				PROVISIONING_PROFILE = "";
				SWIFT_VERSION = 3.0;
			};
			name = Release;
		};
/* End XCBuildConfiguration section */

/* Begin XCConfigurationList section */
		F1E0C88B1C4D3851003C0EBE /* Build configuration list for PBXProject "spacegame" */ = {
			isa = XCConfigurationList;
			buildConfigurations = (
				F1E0C8A41C4D3852003C0EBE /* Debug */,
				F1E0C8A51C4D3852003C0EBE /* Release */,
			);
			defaultConfigurationIsVisible = 0;
			defaultConfigurationName = Release;
		};
		F1E0C8A61C4D3852003C0EBE /* Build configuration list for PBXNativeTarget "spacegame" */ = {
			isa = XCConfigurationList;
			buildConfigurations = (
				F1E0C8A71C4D3852003C0EBE /* Debug */,
				F1E0C8A81C4D3852003C0EBE /* Release */,
			);
			defaultConfigurationIsVisible = 0;
			defaultConfigurationName = Release;
		};
/* End XCConfigurationList section */
	};
	rootObject = F1E0C8881C4D3851003C0EBE /* Project object */;
}
